// !$*UTF8*$!
{
	archiveVersion = 1;
	classes = {
	};
	objectVersion = 46;
	objects = {

/* Begin PBXBuildFile section */
		28462A6118B7CC6F0011A14D /* HelmetAPIClient.m in Sources */ = {isa = PBXBuildFile; fileRef = 28462A6018B7CC6F0011A14D /* HelmetAPIClient.m */; };
		28462A6218B7CC6F0011A14D /* HelmetAPIClient.m in Sources */ = {isa = PBXBuildFile; fileRef = 28462A6018B7CC6F0011A14D /* HelmetAPIClient.m */; };
		28462A6518B9EEC70011A14D /* User.m in Sources */ = {isa = PBXBuildFile; fileRef = 28462A6418B9EEC70011A14D /* User.m */; };
		28462A6618B9EEC70011A14D /* User.m in Sources */ = {isa = PBXBuildFile; fileRef = 28462A6418B9EEC70011A14D /* User.m */; };
		28462A6818BA4E840011A14D /* login.json in Resources */ = {isa = PBXBuildFile; fileRef = 28462A6718BA4E840011A14D /* login.json */; };
		28678EAC18A674E400A1960B /* Foundation.framework in Frameworks */ = {isa = PBXBuildFile; fileRef = 28678EAB18A674E400A1960B /* Foundation.framework */; };
		28678EAE18A674E400A1960B /* CoreGraphics.framework in Frameworks */ = {isa = PBXBuildFile; fileRef = 28678EAD18A674E400A1960B /* CoreGraphics.framework */; };
		28678EB018A674E400A1960B /* UIKit.framework in Frameworks */ = {isa = PBXBuildFile; fileRef = 28678EAF18A674E400A1960B /* UIKit.framework */; };
		28678EB618A674E400A1960B /* InfoPlist.strings in Resources */ = {isa = PBXBuildFile; fileRef = 28678EB418A674E400A1960B /* InfoPlist.strings */; };
		28678EB818A674E400A1960B /* main.m in Sources */ = {isa = PBXBuildFile; fileRef = 28678EB718A674E400A1960B /* main.m */; };
		28678EBC18A674E400A1960B /* AppDelegate.m in Sources */ = {isa = PBXBuildFile; fileRef = 28678EBB18A674E400A1960B /* AppDelegate.m */; };
		28678EBF18A674E400A1960B /* Main.storyboard in Resources */ = {isa = PBXBuildFile; fileRef = 28678EBD18A674E400A1960B /* Main.storyboard */; };
		28678EC218A674E400A1960B /* LoginViewController.m in Sources */ = {isa = PBXBuildFile; fileRef = 28678EC118A674E400A1960B /* LoginViewController.m */; };
		28678EC418A674E400A1960B /* Images.xcassets in Resources */ = {isa = PBXBuildFile; fileRef = 28678EC318A674E400A1960B /* Images.xcassets */; };
		28678ECB18A674E400A1960B /* XCTest.framework in Frameworks */ = {isa = PBXBuildFile; fileRef = 28678ECA18A674E400A1960B /* XCTest.framework */; };
		28678ECC18A674E400A1960B /* Foundation.framework in Frameworks */ = {isa = PBXBuildFile; fileRef = 28678EAB18A674E400A1960B /* Foundation.framework */; };
		28678ECD18A674E400A1960B /* UIKit.framework in Frameworks */ = {isa = PBXBuildFile; fileRef = 28678EAF18A674E400A1960B /* UIKit.framework */; };
		28678ED518A674E400A1960B /* InfoPlist.strings in Resources */ = {isa = PBXBuildFile; fileRef = 28678ED318A674E400A1960B /* InfoPlist.strings */; };
		28678ED718A674E400A1960B /* UserSpec.m in Sources */ = {isa = PBXBuildFile; fileRef = 28678ED618A674E400A1960B /* UserSpec.m */; };
		286C639D18ABEC6B005C84D5 /* LoginViewModel.m in Sources */ = {isa = PBXBuildFile; fileRef = 286C639C18ABEC6B005C84D5 /* LoginViewModel.m */; };
		286C639E18ABEC6B005C84D5 /* LoginViewModel.m in Sources */ = {isa = PBXBuildFile; fileRef = 286C639C18ABEC6B005C84D5 /* LoginViewModel.m */; };
		46C1A7019DA84C9FAE8A8816 /* libPods-UnitTest.a in Frameworks */ = {isa = PBXBuildFile; fileRef = AC661A8B3A7D440BA7BDC760 /* libPods-UnitTest.a */; };
		6BD378717E874D7C972A7544 /* libPods.a in Frameworks */ = {isa = PBXBuildFile; fileRef = 770592FAD1AC40BDA82AA1FA /* libPods.a */; };
/* End PBXBuildFile section */

/* Begin PBXContainerItemProxy section */
		28678ECE18A674E400A1960B /* PBXContainerItemProxy */ = {
			isa = PBXContainerItemProxy;
			containerPortal = 28678EA018A674E400A1960B /* Project object */;
			proxyType = 1;
			remoteGlobalIDString = 28678EA718A674E400A1960B;
			remoteInfo = Helmi;
		};
/* End PBXContainerItemProxy section */

/* Begin PBXFileReference section */
		28462A5F18B7CC6F0011A14D /* HelmetAPIClient.h */ = {isa = PBXFileReference; fileEncoding = 4; lastKnownFileType = sourcecode.c.h; path = HelmetAPIClient.h; sourceTree = "<group>"; };
		28462A6018B7CC6F0011A14D /* HelmetAPIClient.m */ = {isa = PBXFileReference; fileEncoding = 4; lastKnownFileType = sourcecode.c.objc; path = HelmetAPIClient.m; sourceTree = "<group>"; };
		28462A6318B9EEC70011A14D /* User.h */ = {isa = PBXFileReference; fileEncoding = 4; lastKnownFileType = sourcecode.c.h; path = User.h; sourceTree = "<group>"; };
		28462A6418B9EEC70011A14D /* User.m */ = {isa = PBXFileReference; fileEncoding = 4; lastKnownFileType = sourcecode.c.objc; path = User.m; sourceTree = "<group>"; };
		28462A6718BA4E840011A14D /* login.json */ = {isa = PBXFileReference; fileEncoding = 4; lastKnownFileType = text.json; path = login.json; sourceTree = "<group>"; };
		28678EA818A674E400A1960B /* Helmi.app */ = {isa = PBXFileReference; explicitFileType = wrapper.application; includeInIndex = 0; path = Helmi.app; sourceTree = BUILT_PRODUCTS_DIR; };
		28678EAB18A674E400A1960B /* Foundation.framework */ = {isa = PBXFileReference; lastKnownFileType = wrapper.framework; name = Foundation.framework; path = System/Library/Frameworks/Foundation.framework; sourceTree = SDKROOT; };
		28678EAD18A674E400A1960B /* CoreGraphics.framework */ = {isa = PBXFileReference; lastKnownFileType = wrapper.framework; name = CoreGraphics.framework; path = System/Library/Frameworks/CoreGraphics.framework; sourceTree = SDKROOT; };
		28678EAF18A674E400A1960B /* UIKit.framework */ = {isa = PBXFileReference; lastKnownFileType = wrapper.framework; name = UIKit.framework; path = System/Library/Frameworks/UIKit.framework; sourceTree = SDKROOT; };
		28678EB318A674E400A1960B /* Helmi-Info.plist */ = {isa = PBXFileReference; lastKnownFileType = text.plist.xml; path = "Helmi-Info.plist"; sourceTree = "<group>"; };
		28678EB518A674E400A1960B /* en */ = {isa = PBXFileReference; lastKnownFileType = text.plist.strings; name = en; path = en.lproj/InfoPlist.strings; sourceTree = "<group>"; };
		28678EB718A674E400A1960B /* main.m */ = {isa = PBXFileReference; lastKnownFileType = sourcecode.c.objc; path = main.m; sourceTree = "<group>"; };
		28678EB918A674E400A1960B /* Helmi-Prefix.pch */ = {isa = PBXFileReference; lastKnownFileType = sourcecode.c.h; path = "Helmi-Prefix.pch"; sourceTree = "<group>"; };
		28678EBA18A674E400A1960B /* AppDelegate.h */ = {isa = PBXFileReference; lastKnownFileType = sourcecode.c.h; path = AppDelegate.h; sourceTree = "<group>"; };
		28678EBB18A674E400A1960B /* AppDelegate.m */ = {isa = PBXFileReference; lastKnownFileType = sourcecode.c.objc; path = AppDelegate.m; sourceTree = "<group>"; };
		28678EBE18A674E400A1960B /* Base */ = {isa = PBXFileReference; lastKnownFileType = file.storyboard; name = Base; path = Base.lproj/Main.storyboard; sourceTree = "<group>"; };
		28678EC018A674E400A1960B /* LoginViewController.h */ = {isa = PBXFileReference; lastKnownFileType = sourcecode.c.h; path = LoginViewController.h; sourceTree = "<group>"; };
		28678EC118A674E400A1960B /* LoginViewController.m */ = {isa = PBXFileReference; lastKnownFileType = sourcecode.c.objc; path = LoginViewController.m; sourceTree = "<group>"; };
		28678EC318A674E400A1960B /* Images.xcassets */ = {isa = PBXFileReference; lastKnownFileType = folder.assetcatalog; path = Images.xcassets; sourceTree = "<group>"; };
		28678EC918A674E400A1960B /* HelmiTests.xctest */ = {isa = PBXFileReference; explicitFileType = wrapper.cfbundle; includeInIndex = 0; name = HelmiTests.xctest; path = UnitTest.xctest; sourceTree = BUILT_PRODUCTS_DIR; };
		28678ECA18A674E400A1960B /* XCTest.framework */ = {isa = PBXFileReference; lastKnownFileType = wrapper.framework; name = XCTest.framework; path = Library/Frameworks/XCTest.framework; sourceTree = DEVELOPER_DIR; };
		28678ED218A674E400A1960B /* HelmiTests-Info.plist */ = {isa = PBXFileReference; lastKnownFileType = text.plist.xml; path = "HelmiTests-Info.plist"; sourceTree = "<group>"; };
		28678ED418A674E400A1960B /* en */ = {isa = PBXFileReference; lastKnownFileType = text.plist.strings; name = en; path = en.lproj/InfoPlist.strings; sourceTree = "<group>"; };
		28678ED618A674E400A1960B /* UserSpec.m */ = {isa = PBXFileReference; lastKnownFileType = sourcecode.c.objc; path = UserSpec.m; sourceTree = "<group>"; };
		286C639B18ABEC6B005C84D5 /* LoginViewModel.h */ = {isa = PBXFileReference; fileEncoding = 4; lastKnownFileType = sourcecode.c.h; path = LoginViewModel.h; sourceTree = "<group>"; };
		286C639C18ABEC6B005C84D5 /* LoginViewModel.m */ = {isa = PBXFileReference; fileEncoding = 4; lastKnownFileType = sourcecode.c.objc; path = LoginViewModel.m; sourceTree = "<group>"; };
		5F48A13424EA4B539FFA98BD /* Pods.xcconfig */ = {isa = PBXFileReference; includeInIndex = 1; lastKnownFileType = text.xcconfig; name = Pods.xcconfig; path = Pods/Pods.xcconfig; sourceTree = "<group>"; };
		770592FAD1AC40BDA82AA1FA /* libPods.a */ = {isa = PBXFileReference; explicitFileType = archive.ar; includeInIndex = 0; path = libPods.a; sourceTree = BUILT_PRODUCTS_DIR; };
		AC661A8B3A7D440BA7BDC760 /* libPods-UnitTest.a */ = {isa = PBXFileReference; explicitFileType = archive.ar; includeInIndex = 0; path = "libPods-UnitTest.a"; sourceTree = BUILT_PRODUCTS_DIR; };
		C77C711F563B4B0DAB7F38AC /* Pods-UnitTest.xcconfig */ = {isa = PBXFileReference; includeInIndex = 1; lastKnownFileType = text.xcconfig; name = "Pods-UnitTest.xcconfig"; path = "Pods/Pods-UnitTest.xcconfig"; sourceTree = "<group>"; };
/* End PBXFileReference section */

/* Begin PBXFrameworksBuildPhase section */
		28678EA518A674E400A1960B /* Frameworks */ = {
			isa = PBXFrameworksBuildPhase;
			buildActionMask = 2147483647;
			files = (
				28678EAE18A674E400A1960B /* CoreGraphics.framework in Frameworks */,
				28678EB018A674E400A1960B /* UIKit.framework in Frameworks */,
				28678EAC18A674E400A1960B /* Foundation.framework in Frameworks */,
				6BD378717E874D7C972A7544 /* libPods.a in Frameworks */,
			);
			runOnlyForDeploymentPostprocessing = 0;
		};
		28678EC618A674E400A1960B /* Frameworks */ = {
			isa = PBXFrameworksBuildPhase;
			buildActionMask = 2147483647;
			files = (
				28678ECB18A674E400A1960B /* XCTest.framework in Frameworks */,
				28678ECD18A674E400A1960B /* UIKit.framework in Frameworks */,
				28678ECC18A674E400A1960B /* Foundation.framework in Frameworks */,
				46C1A7019DA84C9FAE8A8816 /* libPods-UnitTest.a in Frameworks */,
			);
			runOnlyForDeploymentPostprocessing = 0;
		};
/* End PBXFrameworksBuildPhase section */

/* Begin PBXGroup section */
		28462A6918BA4E8C0011A14D /* Test data */ = {
			isa = PBXGroup;
			children = (
				28462A6718BA4E840011A14D /* login.json */,
			);
			name = "Test data";
			sourceTree = "<group>";
		};
		28678E9F18A674E400A1960B = {
			isa = PBXGroup;
			children = (
				28678EB118A674E400A1960B /* Helmi */,
				28678ED018A674E400A1960B /* HelmiTests */,
				28678EAA18A674E400A1960B /* Frameworks */,
				28678EA918A674E400A1960B /* Products */,
				5F48A13424EA4B539FFA98BD /* Pods.xcconfig */,
				C77C711F563B4B0DAB7F38AC /* Pods-UnitTest.xcconfig */,
			);
			sourceTree = "<group>";
		};
		28678EA918A674E400A1960B /* Products */ = {
			isa = PBXGroup;
			children = (
				28678EA818A674E400A1960B /* Helmi.app */,
				28678EC918A674E400A1960B /* HelmiTests.xctest */,
			);
			name = Products;
			sourceTree = "<group>";
		};
		28678EAA18A674E400A1960B /* Frameworks */ = {
			isa = PBXGroup;
			children = (
				28678EAB18A674E400A1960B /* Foundation.framework */,
				28678EAD18A674E400A1960B /* CoreGraphics.framework */,
				28678EAF18A674E400A1960B /* UIKit.framework */,
				28678ECA18A674E400A1960B /* XCTest.framework */,
				770592FAD1AC40BDA82AA1FA /* libPods.a */,
				AC661A8B3A7D440BA7BDC760 /* libPods-UnitTest.a */,
			);
			name = Frameworks;
			sourceTree = "<group>";
		};
		28678EB118A674E400A1960B /* Helmi */ = {
			isa = PBXGroup;
			children = (
				28678EBA18A674E400A1960B /* AppDelegate.h */,
				28678EBB18A674E400A1960B /* AppDelegate.m */,
				28678EBD18A674E400A1960B /* Main.storyboard */,
				28678EC018A674E400A1960B /* LoginViewController.h */,
				28678EC118A674E400A1960B /* LoginViewController.m */,
				286C639B18ABEC6B005C84D5 /* LoginViewModel.h */,
				286C639C18ABEC6B005C84D5 /* LoginViewModel.m */,
				28462A5F18B7CC6F0011A14D /* HelmetAPIClient.h */,
				28462A6018B7CC6F0011A14D /* HelmetAPIClient.m */,
				28462A6318B9EEC70011A14D /* User.h */,
				28462A6418B9EEC70011A14D /* User.m */,
				28678EC318A674E400A1960B /* Images.xcassets */,
				28678EB218A674E400A1960B /* Supporting Files */,
			);
			path = Helmi;
			sourceTree = "<group>";
		};
		28678EB218A674E400A1960B /* Supporting Files */ = {
			isa = PBXGroup;
			children = (
				28678EB318A674E400A1960B /* Helmi-Info.plist */,
				28678EB418A674E400A1960B /* InfoPlist.strings */,
				28678EB718A674E400A1960B /* main.m */,
				28678EB918A674E400A1960B /* Helmi-Prefix.pch */,
			);
			name = "Supporting Files";
			sourceTree = "<group>";
		};
		28678ED018A674E400A1960B /* HelmiTests */ = {
			isa = PBXGroup;
			children = (
				28462A6918BA4E8C0011A14D /* Test data */,
				28678ED618A674E400A1960B /* UserSpec.m */,
				28678ED118A674E400A1960B /* Supporting Files */,
			);
			path = HelmiTests;
			sourceTree = "<group>";
		};
		28678ED118A674E400A1960B /* Supporting Files */ = {
			isa = PBXGroup;
			children = (
				28678ED218A674E400A1960B /* HelmiTests-Info.plist */,
				28678ED318A674E400A1960B /* InfoPlist.strings */,
			);
			name = "Supporting Files";
			sourceTree = "<group>";
		};
/* End PBXGroup section */

/* Begin PBXNativeTarget section */
		28678EA718A674E400A1960B /* Helmi */ = {
			isa = PBXNativeTarget;
			buildConfigurationList = 28678EDA18A674E400A1960B /* Build configuration list for PBXNativeTarget "Helmi" */;
			buildPhases = (
				11C5A0C5F2EE4BCEB34AD0D3 /* Check Pods Manifest.lock */,
				28678EA418A674E400A1960B /* Sources */,
				28678EA518A674E400A1960B /* Frameworks */,
				28678EA618A674E400A1960B /* Resources */,
				C0E33D7069F044EBB9EC32EB /* Copy Pods Resources */,
			);
			buildRules = (
			);
			dependencies = (
			);
			name = Helmi;
			productName = Helmi;
			productReference = 28678EA818A674E400A1960B /* Helmi.app */;
			productType = "com.apple.product-type.application";
		};
		28678EC818A674E400A1960B /* UnitTest */ = {
			isa = PBXNativeTarget;
			buildConfigurationList = 28678EDD18A674E400A1960B /* Build configuration list for PBXNativeTarget "UnitTest" */;
			buildPhases = (
				4B9B594AD79747D0AB373FCF /* Check Pods Manifest.lock */,
				28678EC518A674E400A1960B /* Sources */,
				28678EC618A674E400A1960B /* Frameworks */,
				28678EC718A674E400A1960B /* Resources */,
				8A820D0561294B0EA505BD4A /* Copy Pods Resources */,
			);
			buildRules = (
			);
			dependencies = (
				28678ECF18A674E400A1960B /* PBXTargetDependency */,
			);
			name = UnitTest;
			productName = HelmiTests;
			productReference = 28678EC918A674E400A1960B /* HelmiTests.xctest */;
			productType = "com.apple.product-type.bundle.unit-test";
		};
/* End PBXNativeTarget section */

/* Begin PBXProject section */
		28678EA018A674E400A1960B /* Project object */ = {
			isa = PBXProject;
			attributes = {
				LastUpgradeCheck = 0500;
				ORGANIZATIONNAME = "Markus Kauppila";
				TargetAttributes = {
					28678EC818A674E400A1960B = {
						TestTargetID = 28678EA718A674E400A1960B;
					};
				};
			};
			buildConfigurationList = 28678EA318A674E400A1960B /* Build configuration list for PBXProject "Helmi" */;
			compatibilityVersion = "Xcode 3.2";
			developmentRegion = English;
			hasScannedForEncodings = 0;
			knownRegions = (
				en,
				Base,
			);
			mainGroup = 28678E9F18A674E400A1960B;
			productRefGroup = 28678EA918A674E400A1960B /* Products */;
			projectDirPath = "";
			projectRoot = "";
			targets = (
				28678EA718A674E400A1960B /* Helmi */,
				28678EC818A674E400A1960B /* UnitTest */,
			);
		};
/* End PBXProject section */

/* Begin PBXResourcesBuildPhase section */
		28678EA618A674E400A1960B /* Resources */ = {
			isa = PBXResourcesBuildPhase;
			buildActionMask = 2147483647;
			files = (
				28678EC418A674E400A1960B /* Images.xcassets in Resources */,
				28678EB618A674E400A1960B /* InfoPlist.strings in Resources */,
				28678EBF18A674E400A1960B /* Main.storyboard in Resources */,
			);
			runOnlyForDeploymentPostprocessing = 0;
		};
		28678EC718A674E400A1960B /* Resources */ = {
			isa = PBXResourcesBuildPhase;
			buildActionMask = 2147483647;
			files = (
				28678ED518A674E400A1960B /* InfoPlist.strings in Resources */,
				28462A6818BA4E840011A14D /* login.json in Resources */,
			);
			runOnlyForDeploymentPostprocessing = 0;
		};
/* End PBXResourcesBuildPhase section */

/* Begin PBXShellScriptBuildPhase section */
		11C5A0C5F2EE4BCEB34AD0D3 /* Check Pods Manifest.lock */ = {
			isa = PBXShellScriptBuildPhase;
			buildActionMask = 2147483647;
			files = (
			);
			inputPaths = (
			);
			name = "Check Pods Manifest.lock";
			outputPaths = (
			);
			runOnlyForDeploymentPostprocessing = 0;
			shellPath = /bin/sh;
			shellScript = "diff \"${PODS_ROOT}/../Podfile.lock\" \"${PODS_ROOT}/Manifest.lock\" > /dev/null\nif [[ $? != 0 ]] ; then\n    cat << EOM\nerror: The sandbox is not in sync with the Podfile.lock. Run 'pod install' or update your CocoaPods installation.\nEOM\n    exit 1\nfi\n";
			showEnvVarsInLog = 0;
		};
		4B9B594AD79747D0AB373FCF /* Check Pods Manifest.lock */ = {
			isa = PBXShellScriptBuildPhase;
			buildActionMask = 2147483647;
			files = (
			);
			inputPaths = (
			);
			name = "Check Pods Manifest.lock";
			outputPaths = (
			);
			runOnlyForDeploymentPostprocessing = 0;
			shellPath = /bin/sh;
			shellScript = "diff \"${PODS_ROOT}/../Podfile.lock\" \"${PODS_ROOT}/Manifest.lock\" > /dev/null\nif [[ $? != 0 ]] ; then\n    cat << EOM\nerror: The sandbox is not in sync with the Podfile.lock. Run 'pod install' or update your CocoaPods installation.\nEOM\n    exit 1\nfi\n";
			showEnvVarsInLog = 0;
		};
		8A820D0561294B0EA505BD4A /* Copy Pods Resources */ = {
			isa = PBXShellScriptBuildPhase;
			buildActionMask = 2147483647;
			files = (
			);
			inputPaths = (
			);
			name = "Copy Pods Resources";
			outputPaths = (
			);
			runOnlyForDeploymentPostprocessing = 0;
			shellPath = /bin/sh;
			shellScript = "\"${SRCROOT}/Pods/Pods-UnitTest-resources.sh\"\n";
			showEnvVarsInLog = 0;
		};
		C0E33D7069F044EBB9EC32EB /* Copy Pods Resources */ = {
			isa = PBXShellScriptBuildPhase;
			buildActionMask = 2147483647;
			files = (
			);
			inputPaths = (
			);
			name = "Copy Pods Resources";
			outputPaths = (
			);
			runOnlyForDeploymentPostprocessing = 0;
			shellPath = /bin/sh;
			shellScript = "\"${SRCROOT}/Pods/Pods-resources.sh\"\n";
			showEnvVarsInLog = 0;
		};
/* End PBXShellScriptBuildPhase section */

/* Begin PBXSourcesBuildPhase section */
		28678EA418A674E400A1960B /* Sources */ = {
			isa = PBXSourcesBuildPhase;
			buildActionMask = 2147483647;
			files = (
				28462A6118B7CC6F0011A14D /* HelmetAPIClient.m in Sources */,
				286C639D18ABEC6B005C84D5 /* LoginViewModel.m in Sources */,
				28462A6518B9EEC70011A14D /* User.m in Sources */,
				28678EC218A674E400A1960B /* LoginViewController.m in Sources */,
				28678EBC18A674E400A1960B /* AppDelegate.m in Sources */,
				28678EB818A674E400A1960B /* main.m in Sources */,
			);
			runOnlyForDeploymentPostprocessing = 0;
		};
		28678EC518A674E400A1960B /* Sources */ = {
			isa = PBXSourcesBuildPhase;
			buildActionMask = 2147483647;
			files = (
				28462A6618B9EEC70011A14D /* User.m in Sources */,
				286C639E18ABEC6B005C84D5 /* LoginViewModel.m in Sources */,
				28462A6218B7CC6F0011A14D /* HelmetAPIClient.m in Sources */,
				28678ED718A674E400A1960B /* UserSpec.m in Sources */,
			);
			runOnlyForDeploymentPostprocessing = 0;
		};
/* End PBXSourcesBuildPhase section */

/* Begin PBXTargetDependency section */
		28678ECF18A674E400A1960B /* PBXTargetDependency */ = {
			isa = PBXTargetDependency;
			target = 28678EA718A674E400A1960B /* Helmi */;
			targetProxy = 28678ECE18A674E400A1960B /* PBXContainerItemProxy */;
		};
/* End PBXTargetDependency section */

/* Begin PBXVariantGroup section */
		28678EB418A674E400A1960B /* InfoPlist.strings */ = {
			isa = PBXVariantGroup;
			children = (
				28678EB518A674E400A1960B /* en */,
			);
			name = InfoPlist.strings;
			sourceTree = "<group>";
		};
		28678EBD18A674E400A1960B /* Main.storyboard */ = {
			isa = PBXVariantGroup;
			children = (
				28678EBE18A674E400A1960B /* Base */,
			);
			name = Main.storyboard;
			sourceTree = "<group>";
		};
		28678ED318A674E400A1960B /* InfoPlist.strings */ = {
			isa = PBXVariantGroup;
			children = (
				28678ED418A674E400A1960B /* en */,
			);
			name = InfoPlist.strings;
			sourceTree = "<group>";
		};
/* End PBXVariantGroup section */

/* Begin XCBuildConfiguration section */
		28678ED818A674E400A1960B /* Debug */ = {
			isa = XCBuildConfiguration;
			buildSettings = {
				ALWAYS_SEARCH_USER_PATHS = NO;
				ARCHS = "$(ARCHS_STANDARD_INCLUDING_64_BIT)";
				CLANG_CXX_LANGUAGE_STANDARD = "gnu++0x";
				CLANG_CXX_LIBRARY = "libc++";
				CLANG_ENABLE_MODULES = YES;
				CLANG_ENABLE_OBJC_ARC = YES;
				CLANG_WARN_BOOL_CONVERSION = YES;
				CLANG_WARN_CONSTANT_CONVERSION = YES;
				CLANG_WARN_DIRECT_OBJC_ISA_USAGE = YES_ERROR;
				CLANG_WARN_EMPTY_BODY = YES;
				CLANG_WARN_ENUM_CONVERSION = YES;
				CLANG_WARN_INT_CONVERSION = YES;
				CLANG_WARN_OBJC_ROOT_CLASS = YES_ERROR;
				CLANG_WARN__DUPLICATE_METHOD_MATCH = YES;
				"CODE_SIGN_IDENTITY[sdk=iphoneos*]" = "iPhone Developer";
				COPY_PHASE_STRIP = NO;
				GCC_C_LANGUAGE_STANDARD = gnu99;
				GCC_DYNAMIC_NO_PIC = NO;
				GCC_OPTIMIZATION_LEVEL = 0;
				GCC_PREPROCESSOR_DEFINITIONS = (
					"DEBUG=1",
					"$(inherited)",
				);
				GCC_SYMBOLS_PRIVATE_EXTERN = NO;
				GCC_WARN_64_TO_32_BIT_CONVERSION = YES;
				GCC_WARN_ABOUT_RETURN_TYPE = YES_ERROR;
				GCC_WARN_UNDECLARED_SELECTOR = YES;
				GCC_WARN_UNINITIALIZED_AUTOS = YES;
				GCC_WARN_UNUSED_FUNCTION = YES;
				GCC_WARN_UNUSED_VARIABLE = YES;
				IPHONEOS_DEPLOYMENT_TARGET = 7.0;
				ONLY_ACTIVE_ARCH = YES;
				SDKROOT = iphoneos;
			};
			name = Debug;
		};
		28678ED918A674E400A1960B /* Release */ = {
			isa = XCBuildConfiguration;
			buildSettings = {
				ALWAYS_SEARCH_USER_PATHS = NO;
				ARCHS = "$(ARCHS_STANDARD_INCLUDING_64_BIT)";
				CLANG_CXX_LANGUAGE_STANDARD = "gnu++0x";
				CLANG_CXX_LIBRARY = "libc++";
				CLANG_ENABLE_MODULES = YES;
				CLANG_ENABLE_OBJC_ARC = YES;
				CLANG_WARN_BOOL_CONVERSION = YES;
				CLANG_WARN_CONSTANT_CONVERSION = YES;
				CLANG_WARN_DIRECT_OBJC_ISA_USAGE = YES_ERROR;
				CLANG_WARN_EMPTY_BODY = YES;
				CLANG_WARN_ENUM_CONVERSION = YES;
				CLANG_WARN_INT_CONVERSION = YES;
				CLANG_WARN_OBJC_ROOT_CLASS = YES_ERROR;
				CLANG_WARN__DUPLICATE_METHOD_MATCH = YES;
				"CODE_SIGN_IDENTITY[sdk=iphoneos*]" = "iPhone Developer";
				COPY_PHASE_STRIP = YES;
				ENABLE_NS_ASSERTIONS = NO;
				GCC_C_LANGUAGE_STANDARD = gnu99;
				GCC_WARN_64_TO_32_BIT_CONVERSION = YES;
				GCC_WARN_ABOUT_RETURN_TYPE = YES_ERROR;
				GCC_WARN_UNDECLARED_SELECTOR = YES;
				GCC_WARN_UNINITIALIZED_AUTOS = YES;
				GCC_WARN_UNUSED_FUNCTION = YES;
				GCC_WARN_UNUSED_VARIABLE = YES;
				IPHONEOS_DEPLOYMENT_TARGET = 7.0;
				SDKROOT = iphoneos;
				VALIDATE_PRODUCT = YES;
			};
			name = Release;
		};
		28678EDB18A674E400A1960B /* Debug */ = {
			isa = XCBuildConfiguration;
			baseConfigurationReference = 5F48A13424EA4B539FFA98BD /* Pods.xcconfig */;
			buildSettings = {
				ASSETCATALOG_COMPILER_APPICON_NAME = AppIcon;
				ASSETCATALOG_COMPILER_LAUNCHIMAGE_NAME = LaunchImage;
				GCC_PRECOMPILE_PREFIX_HEADER = YES;
				GCC_PREFIX_HEADER = "Helmi/Helmi-Prefix.pch";
				INFOPLIST_FILE = "Helmi/Helmi-Info.plist";
				PRODUCT_NAME = "$(TARGET_NAME)";
				WRAPPER_EXTENSION = app;
			};
			name = Debug;
		};
		28678EDC18A674E400A1960B /* Release */ = {
			isa = XCBuildConfiguration;
			baseConfigurationReference = 5F48A13424EA4B539FFA98BD /* Pods.xcconfig */;
			buildSettings = {
				ASSETCATALOG_COMPILER_APPICON_NAME = AppIcon;
				ASSETCATALOG_COMPILER_LAUNCHIMAGE_NAME = LaunchImage;
				GCC_PRECOMPILE_PREFIX_HEADER = YES;
				GCC_PREFIX_HEADER = "Helmi/Helmi-Prefix.pch";
				INFOPLIST_FILE = "Helmi/Helmi-Info.plist";
				PRODUCT_NAME = "$(TARGET_NAME)";
				WRAPPER_EXTENSION = app;
			};
			name = Release;
		};
		28678EDE18A674E400A1960B /* Debug */ = {
			isa = XCBuildConfiguration;
			baseConfigurationReference = C77C711F563B4B0DAB7F38AC /* Pods-UnitTest.xcconfig */;
			buildSettings = {
				ARCHS = "$(ARCHS_STANDARD_INCLUDING_64_BIT)";
				BUNDLE_LOADER = "$(BUILT_PRODUCTS_DIR)/Helmi.app/Helmi";
				FRAMEWORK_SEARCH_PATHS = (
					"$(SDKROOT)/Developer/Library/Frameworks",
					"$(inherited)",
					"$(DEVELOPER_FRAMEWORKS_DIR)",
				);
				GCC_PRECOMPILE_PREFIX_HEADER = YES;
				GCC_PREFIX_HEADER = "Helmi/Helmi-Prefix.pch";
				GCC_PREPROCESSOR_DEFINITIONS = (
					"DEBUG=1",
					"$(inherited)",
				);
				INFOPLIST_FILE = "HelmiTests/HelmiTests-Info.plist";
				PRODUCT_NAME = "$(TARGET_NAME)";
				TEST_HOST = "$(BUNDLE_LOADER)";
				WRAPPER_EXTENSION = xctest;
			};
			name = Debug;
		};
		28678EDF18A674E400A1960B /* Release */ = {
			isa = XCBuildConfiguration;
			baseConfigurationReference = C77C711F563B4B0DAB7F38AC /* Pods-UnitTest.xcconfig */;
			buildSettings = {
				ARCHS = "$(ARCHS_STANDARD_INCLUDING_64_BIT)";
				BUNDLE_LOADER = "$(BUILT_PRODUCTS_DIR)/Helmi.app/Helmi";
				FRAMEWORK_SEARCH_PATHS = (
					"$(SDKROOT)/Developer/Library/Frameworks",
					"$(inherited)",
					"$(DEVELOPER_FRAMEWORKS_DIR)",
				);
				GCC_PRECOMPILE_PREFIX_HEADER = YES;
				GCC_PREFIX_HEADER = "Helmi/Helmi-Prefix.pch";
				INFOPLIST_FILE = "HelmiTests/HelmiTests-Info.plist";
				PRODUCT_NAME = "$(TARGET_NAME)";
				TEST_HOST = "$(BUNDLE_LOADER)";
				WRAPPER_EXTENSION = xctest;
			};
			name = Release;
		};
/* End XCBuildConfiguration section */

/* Begin XCConfigurationList section */
		28678EA318A674E400A1960B /* Build configuration list for PBXProject "Helmi" */ = {
			isa = XCConfigurationList;
			buildConfigurations = (
				28678ED818A674E400A1960B /* Debug */,
				28678ED918A674E400A1960B /* Release */,
			);
			defaultConfigurationIsVisible = 0;
			defaultConfigurationName = Release;
		};
		28678EDA18A674E400A1960B /* Build configuration list for PBXNativeTarget "Helmi" */ = {
			isa = XCConfigurationList;
			buildConfigurations = (
				28678EDB18A674E400A1960B /* Debug */,
				28678EDC18A674E400A1960B /* Release */,
			);
			defaultConfigurationIsVisible = 0;
			defaultConfigurationName = Release;
		};
		28678EDD18A674E400A1960B /* Build configuration list for PBXNativeTarget "UnitTest" */ = {
			isa = XCConfigurationList;
			buildConfigurations = (
				28678EDE18A674E400A1960B /* Debug */,
				28678EDF18A674E400A1960B /* Release */,
			);
			defaultConfigurationIsVisible = 0;
			defaultConfigurationName = Release;
		};
/* End XCConfigurationList section */
	};
	rootObject = 28678EA018A674E400A1960B /* Project object */;
}
